
Microsoft Visual Studio Solution File, Format Version 12.00
# Visual Studio Version 17
VisualStudioVersion = 17.4.33110.190
MinimumVisualStudioVersion = 10.0.40219.1
Project("{9A19103F-16F7-4668-BE54-9A1E7A4F7556}") = "EcommWebAPI", "EcommWebAPI\EcommWebAPI.csproj", "{E28E8FBB-47E0-4164-BFA3-14674B3FAEFA}"
EndProject
Project("{FAE04EC0-301F-11D3-BF4B-00C04F79EFBC}") = "EcommWebAPIDataAccess", "EcommWebAPIDataAccess\EcommWebAPIDataAccess.csproj", "{B132E26F-30AA-4BAF-9B5E-95EE4ADFDA84}"
EndProject
Project("{FAE04EC0-301F-11D3-BF4B-00C04F79EFBC}") = "EcommWebAPIModels", "EcommWebAPIModels\EcommWebAPIModels.csproj", "{4F5BD514-8C5C-42B1-B878-F2B2673F4B17}"
EndProject
Global
	GlobalSection(SolutionConfigurationPlatforms) = preSolution
		Debug|Any CPU = Debug|Any CPU
		Release|Any CPU = Release|Any CPU
	EndGlobalSection
	GlobalSection(ProjectConfigurationPlatforms) = postSolution
		{E28E8FBB-47E0-4164-BFA3-14674B3FAEFA}.Debug|Any CPU.ActiveCfg = Debug|Any CPU
		{E28E8FBB-47E0-4164-BFA3-14674B3FAEFA}.Debug|Any CPU.Build.0 = Debug|Any CPU
		{E28E8FBB-47E0-4164-BFA3-14674B3FAEFA}.Release|Any CPU.ActiveCfg = Release|Any CPU
		{E28E8FBB-47E0-4164-BFA3-14674B3FAEFA}.Release|Any CPU.Build.0 = Release|Any CPU
		{B132E26F-30AA-4BAF-9B5E-95EE4ADFDA84}.Debug|Any CPU.ActiveCfg = Debug|Any CPU
		{B132E26F-30AA-4BAF-9B5E-95EE4ADFDA84}.Debug|Any CPU.Build.0 = Debug|Any CPU
		{B132E26F-30AA-4BAF-9B5E-95EE4ADFDA84}.Release|Any CPU.ActiveCfg = Release|Any CPU
		{B132E26F-30AA-4BAF-9B5E-95EE4ADFDA84}.Release|Any CPU.Build.0 = Release|Any CPU
		{4F5BD514-8C5C-42B1-B878-F2B2673F4B17}.Debug|Any CPU.ActiveCfg = Debug|Any CPU
		{4F5BD514-8C5C-42B1-B878-F2B2673F4B17}.Debug|Any CPU.Build.0 = Debug|Any CPU
		{4F5BD514-8C5C-42B1-B878-F2B2673F4B17}.Release|Any CPU.ActiveCfg = Release|Any CPU
		{4F5BD514-8C5C-42B1-B878-F2B2673F4B17}.Release|Any CPU.Build.0 = Release|Any CPU
	EndGlobalSection
	GlobalSection(SolutionProperties) = preSolution
		HideSolutionNode = FALSE
	EndGlobalSection
	GlobalSection(ExtensibilityGlobals) = postSolution
		SolutionGuid = {0A5D4430-7DD0-4754-A8DD-7FF96C0A758E}
	EndGlobalSection
EndGlobal
